
Microsoft Visual Studio Solution File, Format Version 12.00
# Visual Studio 15
VisualStudioVersion = 15.0.27703.2042
MinimumVisualStudioVersion = 10.0.40219.1
Project("{FAE04EC0-301F-11D3-BF4B-00C04F79EFBC}") = "Configuration Tool", "Configuration Tool\Configuration Tool.csproj", "{E4C1DEC0-98E0-4015-A798-163B0D5B1C20}"
EndProject
Project("{FAE04EC0-301F-11D3-BF4B-00C04F79EFBC}") = "Scoring Report", "Scoring Report\Scoring Report.csproj", "{18104C95-B028-4D17-93AF-0FB1CA0E7114}"
EndProject
Global
	GlobalSection(SolutionConfigurationPlatforms) = preSolution
		Debug|Any CPU = Debug|Any CPU
		Release|Any CPU = Release|Any CPU
	EndGlobalSection
	GlobalSection(ProjectConfigurationPlatforms) = postSolution
		{E4C1DEC0-98E0-4015-A798-163B0D5B1C20}.Debug|Any CPU.ActiveCfg = Debug|Any CPU
		{E4C1DEC0-98E0-4015-A798-163B0D5B1C20}.Debug|Any CPU.Build.0 = Debug|Any CPU
		{E4C1DEC0-98E0-4015-A798-163B0D5B1C20}.Release|Any CPU.ActiveCfg = Release|Any CPU
		{E4C1DEC0-98E0-4015-A798-163B0D5B1C20}.Release|Any CPU.Build.0 = Release|Any CPU
		{18104C95-B028-4D17-93AF-0FB1CA0E7114}.Debug|Any CPU.ActiveCfg = Debug|Any CPU
		{18104C95-B028-4D17-93AF-0FB1CA0E7114}.Debug|Any CPU.Build.0 = Debug|Any CPU
		{18104C95-B028-4D17-93AF-0FB1CA0E7114}.Release|Any CPU.ActiveCfg = Release|Any CPU
		{18104C95-B028-4D17-93AF-0FB1CA0E7114}.Release|Any CPU.Build.0 = Release|Any CPU
	EndGlobalSection
	GlobalSection(SolutionProperties) = preSolution
		HideSolutionNode = FALSE
	EndGlobalSection
	GlobalSection(ExtensibilityGlobals) = postSolution
		SolutionGuid = {55710265-AF28-4FCF-A407-09FFD4A922B8}
	EndGlobalSection
EndGlobal
